// !$*UTF8*$!
{
	archiveVersion = 1;
	classes = {
	};
	objectVersion = 46;
	objects = {

/* Begin PBXBuildFile section */
		9B5DBA77169F568000AD073F /* Cocoa.framework in Frameworks */ = {isa = PBXBuildFile; fileRef = 9B5DBA76169F568000AD073F /* Cocoa.framework */; };
		9B5DBA81169F568000AD073F /* InfoPlist.strings in Resources */ = {isa = PBXBuildFile; fileRef = 9B5DBA7F169F568000AD073F /* InfoPlist.strings */; };
		9B5DBA83169F568000AD073F /* main.m in Sources */ = {isa = PBXBuildFile; fileRef = 9B5DBA82169F568000AD073F /* main.m */; };
		9B5DBA87169F568000AD073F /* Credits.rtf in Resources */ = {isa = PBXBuildFile; fileRef = 9B5DBA85169F568000AD073F /* Credits.rtf */; };
		9B5DBA8A169F568000AD073F /* GOAppDelegate.m in Sources */ = {isa = PBXBuildFile; fileRef = 9B5DBA89169F568000AD073F /* GOAppDelegate.m */; };
		9B5DBA8D169F568000AD073F /* MainMenu.xib in Resources */ = {isa = PBXBuildFile; fileRef = 9B5DBA8B169F568000AD073F /* MainMenu.xib */; };
		9B5DBA90169F568000AD073F /* DevBot.xcdatamodeld in Sources */ = {isa = PBXBuildFile; fileRef = 9B5DBA8E169F568000AD073F /* DevBot.xcdatamodeld */; };
		9B5DBA98169F568000AD073F /* SenTestingKit.framework in Frameworks */ = {isa = PBXBuildFile; fileRef = 9B5DBA97169F568000AD073F /* SenTestingKit.framework */; };
		9B5DBA99169F568000AD073F /* Cocoa.framework in Frameworks */ = {isa = PBXBuildFile; fileRef = 9B5DBA76169F568000AD073F /* Cocoa.framework */; };
		9B5DBAA1169F568000AD073F /* InfoPlist.strings in Resources */ = {isa = PBXBuildFile; fileRef = 9B5DBA9F169F568000AD073F /* InfoPlist.strings */; };
		9B5DBAA4169F568000AD073F /* DevBotTests.m in Sources */ = {isa = PBXBuildFile; fileRef = 9B5DBAA3169F568000AD073F /* DevBotTests.m */; };
		9B5DBAB1169F57DE00AD073F /* _GOProject.m in Sources */ = {isa = PBXBuildFile; fileRef = 9B5DBAAE169F57DE00AD073F /* _GOProject.m */; };
		9B5DBAB2169F57DE00AD073F /* GOProject.m in Sources */ = {isa = PBXBuildFile; fileRef = 9B5DBAB0169F57DE00AD073F /* GOProject.m */; };
		9B5DBAB6169F5AED00AD073F /* GOStateTransformer.m in Sources */ = {isa = PBXBuildFile; fileRef = 9B5DBAB5169F5AED00AD073F /* GOStateTransformer.m */; };
		9B5DBAB9169F5DDF00AD073F /* GOGitCheckOperation.m in Sources */ = {isa = PBXBuildFile; fileRef = 9B5DBAB8169F5DDF00AD073F /* GOGitCheckOperation.m */; };
/* End PBXBuildFile section */

/* Begin PBXContainerItemProxy section */
		9B5DBA9A169F568000AD073F /* PBXContainerItemProxy */ = {
			isa = PBXContainerItemProxy;
			containerPortal = 9B5DBA69169F567F00AD073F /* Project object */;
			proxyType = 1;
			remoteGlobalIDString = 9B5DBA71169F567F00AD073F;
			remoteInfo = DevBot;
		};
/* End PBXContainerItemProxy section */

/* Begin PBXFileReference section */
		9B5DBA72169F568000AD073F /* DevBot.app */ = {isa = PBXFileReference; explicitFileType = wrapper.application; includeInIndex = 0; path = DevBot.app; sourceTree = BUILT_PRODUCTS_DIR; };
		9B5DBA76169F568000AD073F /* Cocoa.framework */ = {isa = PBXFileReference; lastKnownFileType = wrapper.framework; name = Cocoa.framework; path = System/Library/Frameworks/Cocoa.framework; sourceTree = SDKROOT; };
		9B5DBA79169F568000AD073F /* AppKit.framework */ = {isa = PBXFileReference; lastKnownFileType = wrapper.framework; name = AppKit.framework; path = System/Library/Frameworks/AppKit.framework; sourceTree = SDKROOT; };
		9B5DBA7A169F568000AD073F /* CoreData.framework */ = {isa = PBXFileReference; lastKnownFileType = wrapper.framework; name = CoreData.framework; path = System/Library/Frameworks/CoreData.framework; sourceTree = SDKROOT; };
		9B5DBA7B169F568000AD073F /* Foundation.framework */ = {isa = PBXFileReference; lastKnownFileType = wrapper.framework; name = Foundation.framework; path = System/Library/Frameworks/Foundation.framework; sourceTree = SDKROOT; };
		9B5DBA7E169F568000AD073F /* DevBot-Info.plist */ = {isa = PBXFileReference; lastKnownFileType = text.plist.xml; path = "DevBot-Info.plist"; sourceTree = "<group>"; };
		9B5DBA80169F568000AD073F /* en */ = {isa = PBXFileReference; lastKnownFileType = text.plist.strings; name = en; path = en.lproj/InfoPlist.strings; sourceTree = "<group>"; };
		9B5DBA82169F568000AD073F /* main.m */ = {isa = PBXFileReference; lastKnownFileType = sourcecode.c.objc; path = main.m; sourceTree = "<group>"; };
		9B5DBA84169F568000AD073F /* DevBot-Prefix.pch */ = {isa = PBXFileReference; lastKnownFileType = sourcecode.c.h; path = "DevBot-Prefix.pch"; sourceTree = "<group>"; };
		9B5DBA86169F568000AD073F /* en */ = {isa = PBXFileReference; lastKnownFileType = text.rtf; name = en; path = en.lproj/Credits.rtf; sourceTree = "<group>"; };
		9B5DBA88169F568000AD073F /* GOAppDelegate.h */ = {isa = PBXFileReference; lastKnownFileType = sourcecode.c.h; path = GOAppDelegate.h; sourceTree = "<group>"; };
		9B5DBA89169F568000AD073F /* GOAppDelegate.m */ = {isa = PBXFileReference; lastKnownFileType = sourcecode.c.objc; path = GOAppDelegate.m; sourceTree = "<group>"; };
		9B5DBA8C169F568000AD073F /* en */ = {isa = PBXFileReference; lastKnownFileType = file.xib; name = en; path = en.lproj/MainMenu.xib; sourceTree = "<group>"; };
		9B5DBA8F169F568000AD073F /* DevBot.xcdatamodel */ = {isa = PBXFileReference; lastKnownFileType = wrapper.xcdatamodel; path = DevBot.xcdatamodel; sourceTree = "<group>"; };
		9B5DBA96169F568000AD073F /* DevBotTests.octest */ = {isa = PBXFileReference; explicitFileType = wrapper.cfbundle; includeInIndex = 0; path = DevBotTests.octest; sourceTree = BUILT_PRODUCTS_DIR; };
		9B5DBA97169F568000AD073F /* SenTestingKit.framework */ = {isa = PBXFileReference; lastKnownFileType = wrapper.framework; name = SenTestingKit.framework; path = Library/Frameworks/SenTestingKit.framework; sourceTree = DEVELOPER_DIR; };
		9B5DBA9E169F568000AD073F /* DevBotTests-Info.plist */ = {isa = PBXFileReference; lastKnownFileType = text.plist.xml; path = "DevBotTests-Info.plist"; sourceTree = "<group>"; };
		9B5DBAA0169F568000AD073F /* en */ = {isa = PBXFileReference; lastKnownFileType = text.plist.strings; name = en; path = en.lproj/InfoPlist.strings; sourceTree = "<group>"; };
		9B5DBAA2169F568000AD073F /* DevBotTests.h */ = {isa = PBXFileReference; lastKnownFileType = sourcecode.c.h; path = DevBotTests.h; sourceTree = "<group>"; };
		9B5DBAA3169F568000AD073F /* DevBotTests.m */ = {isa = PBXFileReference; lastKnownFileType = sourcecode.c.objc; path = DevBotTests.m; sourceTree = "<group>"; };
		9B5DBAAD169F57DE00AD073F /* _GOProject.h */ = {isa = PBXFileReference; fileEncoding = 4; lastKnownFileType = sourcecode.c.h; path = _GOProject.h; sourceTree = "<group>"; };
		9B5DBAAE169F57DE00AD073F /* _GOProject.m */ = {isa = PBXFileReference; fileEncoding = 4; lastKnownFileType = sourcecode.c.objc; path = _GOProject.m; sourceTree = "<group>"; };
		9B5DBAAF169F57DE00AD073F /* GOProject.h */ = {isa = PBXFileReference; fileEncoding = 4; lastKnownFileType = sourcecode.c.h; path = GOProject.h; sourceTree = "<group>"; };
		9B5DBAB0169F57DE00AD073F /* GOProject.m */ = {isa = PBXFileReference; fileEncoding = 4; lastKnownFileType = sourcecode.c.objc; path = GOProject.m; sourceTree = "<group>"; };
		9B5DBAB4169F5AED00AD073F /* GOStateTransformer.h */ = {isa = PBXFileReference; fileEncoding = 4; lastKnownFileType = sourcecode.c.h; path = GOStateTransformer.h; sourceTree = "<group>"; };
		9B5DBAB5169F5AED00AD073F /* GOStateTransformer.m */ = {isa = PBXFileReference; fileEncoding = 4; lastKnownFileType = sourcecode.c.objc; path = GOStateTransformer.m; sourceTree = "<group>"; };
		9B5DBAB7169F5DDF00AD073F /* GOGitCheckOperation.h */ = {isa = PBXFileReference; fileEncoding = 4; lastKnownFileType = sourcecode.c.h; path = GOGitCheckOperation.h; sourceTree = "<group>"; };
		9B5DBAB8169F5DDF00AD073F /* GOGitCheckOperation.m */ = {isa = PBXFileReference; fileEncoding = 4; lastKnownFileType = sourcecode.c.objc; path = GOGitCheckOperation.m; sourceTree = "<group>"; };
/* End PBXFileReference section */

/* Begin PBXFrameworksBuildPhase section */
		9B5DBA6F169F567F00AD073F /* Frameworks */ = {
			isa = PBXFrameworksBuildPhase;
			buildActionMask = 2147483647;
			files = (
				9B5DBA77169F568000AD073F /* Cocoa.framework in Frameworks */,
			);
			runOnlyForDeploymentPostprocessing = 0;
		};
		9B5DBA92169F568000AD073F /* Frameworks */ = {
			isa = PBXFrameworksBuildPhase;
			buildActionMask = 2147483647;
			files = (
				9B5DBA98169F568000AD073F /* SenTestingKit.framework in Frameworks */,
				9B5DBA99169F568000AD073F /* Cocoa.framework in Frameworks */,
			);
			runOnlyForDeploymentPostprocessing = 0;
		};
/* End PBXFrameworksBuildPhase section */

/* Begin PBXGroup section */
		9B5DBA67169F567F00AD073F = {
			isa = PBXGroup;
			children = (
				9B5DBA7C169F568000AD073F /* DevBot */,
				9B5DBA9C169F568000AD073F /* DevBotTests */,
				9B5DBA75169F568000AD073F /* Frameworks */,
				9B5DBA73169F568000AD073F /* Products */,
			);
			sourceTree = "<group>";
		};
		9B5DBA73169F568000AD073F /* Products */ = {
			isa = PBXGroup;
			children = (
				9B5DBA72169F568000AD073F /* DevBot.app */,
				9B5DBA96169F568000AD073F /* DevBotTests.octest */,
			);
			name = Products;
			sourceTree = "<group>";
		};
		9B5DBA75169F568000AD073F /* Frameworks */ = {
			isa = PBXGroup;
			children = (
				9B5DBA76169F568000AD073F /* Cocoa.framework */,
				9B5DBA97169F568000AD073F /* SenTestingKit.framework */,
				9B5DBA78169F568000AD073F /* Other Frameworks */,
			);
			name = Frameworks;
			sourceTree = "<group>";
		};
		9B5DBA78169F568000AD073F /* Other Frameworks */ = {
			isa = PBXGroup;
			children = (
				9B5DBA79169F568000AD073F /* AppKit.framework */,
				9B5DBA7A169F568000AD073F /* CoreData.framework */,
				9B5DBA7B169F568000AD073F /* Foundation.framework */,
			);
			name = "Other Frameworks";
			sourceTree = "<group>";
		};
		9B5DBA7C169F568000AD073F /* DevBot */ = {
			isa = PBXGroup;
			children = (
				9B5DBAB3169F57E600AD073F /* Model */,
				9B5DBA88169F568000AD073F /* GOAppDelegate.h */,
				9B5DBA89169F568000AD073F /* GOAppDelegate.m */,
				9B5DBA8B169F568000AD073F /* MainMenu.xib */,
				9B5DBA8E169F568000AD073F /* DevBot.xcdatamodeld */,
				9B5DBA7D169F568000AD073F /* Supporting Files */,
				9B5DBAB7169F5DDF00AD073F /* GOGitCheckOperation.h */,
				9B5DBAB8169F5DDF00AD073F /* GOGitCheckOperation.m */,
			);
			path = DevBot;
			sourceTree = "<group>";
		};
		9B5DBA7D169F568000AD073F /* Supporting Files */ = {
			isa = PBXGroup;
			children = (
				9B5DBA7E169F568000AD073F /* DevBot-Info.plist */,
				9B5DBA7F169F568000AD073F /* InfoPlist.strings */,
				9B5DBA82169F568000AD073F /* main.m */,
				9B5DBA84169F568000AD073F /* DevBot-Prefix.pch */,
				9B5DBA85169F568000AD073F /* Credits.rtf */,
			);
			name = "Supporting Files";
			sourceTree = "<group>";
		};
		9B5DBA9C169F568000AD073F /* DevBotTests */ = {
			isa = PBXGroup;
			children = (
				9B5DBAA2169F568000AD073F /* DevBotTests.h */,
				9B5DBAA3169F568000AD073F /* DevBotTests.m */,
				9B5DBA9D169F568000AD073F /* Supporting Files */,
			);
			path = DevBotTests;
			sourceTree = "<group>";
		};
		9B5DBA9D169F568000AD073F /* Supporting Files */ = {
			isa = PBXGroup;
			children = (
				9B5DBA9E169F568000AD073F /* DevBotTests-Info.plist */,
				9B5DBA9F169F568000AD073F /* InfoPlist.strings */,
			);
			name = "Supporting Files";
			sourceTree = "<group>";
		};
		9B5DBAB3169F57E600AD073F /* Model */ = {
			isa = PBXGroup;
			children = (
				9B5DBAAD169F57DE00AD073F /* _GOProject.h */,
				9B5DBAAE169F57DE00AD073F /* _GOProject.m */,
				9B5DBAAF169F57DE00AD073F /* GOProject.h */,
				9B5DBAB0169F57DE00AD073F /* GOProject.m */,
				9B5DBAB4169F5AED00AD073F /* GOStateTransformer.h */,
				9B5DBAB5169F5AED00AD073F /* GOStateTransformer.m */,
			);
			name = Model;
			sourceTree = "<group>";
		};
/* End PBXGroup section */

/* Begin PBXNativeTarget section */
		9B5DBA71169F567F00AD073F /* DevBot */ = {
			isa = PBXNativeTarget;
			buildConfigurationList = 9B5DBAA7169F568000AD073F /* Build configuration list for PBXNativeTarget "DevBot" */;
			buildPhases = (
				9B5DBA6E169F567F00AD073F /* Sources */,
				9B5DBA6F169F567F00AD073F /* Frameworks */,
				9B5DBA70169F567F00AD073F /* Resources */,
			);
			buildRules = (
			);
			dependencies = (
			);
			name = DevBot;
			productName = DevBot;
			productReference = 9B5DBA72169F568000AD073F /* DevBot.app */;
			productType = "com.apple.product-type.application";
		};
		9B5DBA95169F568000AD073F /* DevBotTests */ = {
			isa = PBXNativeTarget;
			buildConfigurationList = 9B5DBAAA169F568000AD073F /* Build configuration list for PBXNativeTarget "DevBotTests" */;
			buildPhases = (
				9B5DBA91169F568000AD073F /* Sources */,
				9B5DBA92169F568000AD073F /* Frameworks */,
				9B5DBA93169F568000AD073F /* Resources */,
				9B5DBA94169F568000AD073F /* ShellScript */,
			);
			buildRules = (
			);
			dependencies = (
				9B5DBA9B169F568000AD073F /* PBXTargetDependency */,
			);
			name = DevBotTests;
			productName = DevBotTests;
			productReference = 9B5DBA96169F568000AD073F /* DevBotTests.octest */;
			productType = "com.apple.product-type.bundle";
		};
/* End PBXNativeTarget section */

/* Begin PBXProject section */
		9B5DBA69169F567F00AD073F /* Project object */ = {
			isa = PBXProject;
			attributes = {
				CLASSPREFIX = GO;
				LastUpgradeCheck = 0450;
				ORGANIZATIONNAME = "Roundwall Software";
			};
			buildConfigurationList = 9B5DBA6C169F567F00AD073F /* Build configuration list for PBXProject "DevBot" */;
			compatibilityVersion = "Xcode 3.2";
			developmentRegion = English;
			hasScannedForEncodings = 0;
			knownRegions = (
				en,
			);
			mainGroup = 9B5DBA67169F567F00AD073F;
			productRefGroup = 9B5DBA73169F568000AD073F /* Products */;
			projectDirPath = "";
			projectRoot = "";
			targets = (
				9B5DBA71169F567F00AD073F /* DevBot */,
				9B5DBA95169F568000AD073F /* DevBotTests */,
			);
		};
/* End PBXProject section */

/* Begin PBXResourcesBuildPhase section */
		9B5DBA70169F567F00AD073F /* Resources */ = {
			isa = PBXResourcesBuildPhase;
			buildActionMask = 2147483647;
			files = (
				9B5DBA81169F568000AD073F /* InfoPlist.strings in Resources */,
				9B5DBA87169F568000AD073F /* Credits.rtf in Resources */,
				9B5DBA8D169F568000AD073F /* MainMenu.xib in Resources */,
			);
			runOnlyForDeploymentPostprocessing = 0;
		};
		9B5DBA93169F568000AD073F /* Resources */ = {
			isa = PBXResourcesBuildPhase;
			buildActionMask = 2147483647;
			files = (
				9B5DBAA1169F568000AD073F /* InfoPlist.strings in Resources */,
			);
			runOnlyForDeploymentPostprocessing = 0;
		};
/* End PBXResourcesBuildPhase section */

/* Begin PBXShellScriptBuildPhase section */
		9B5DBA94169F568000AD073F /* ShellScript */ = {
			isa = PBXShellScriptBuildPhase;
			buildActionMask = 2147483647;
			files = (
			);
			inputPaths = (
			);
			outputPaths = (
			);
			runOnlyForDeploymentPostprocessing = 0;
			shellPath = /bin/sh;
			shellScript = "# Run the unit tests in this test bundle.\n\"${SYSTEM_DEVELOPER_DIR}/Tools/RunUnitTests\"\n";
		};
/* End PBXShellScriptBuildPhase section */

/* Begin PBXSourcesBuildPhase section */
		9B5DBA6E169F567F00AD073F /* Sources */ = {
			isa = PBXSourcesBuildPhase;
			buildActionMask = 2147483647;
			files = (
				9B5DBA83169F568000AD073F /* main.m in Sources */,
				9B5DBA8A169F568000AD073F /* GOAppDelegate.m in Sources */,
				9B5DBA90169F568000AD073F /* DevBot.xcdatamodeld in Sources */,
				9B5DBAB1169F57DE00AD073F /* _GOProject.m in Sources */,
				9B5DBAB2169F57DE00AD073F /* GOProject.m in Sources */,
				9B5DBAB6169F5AED00AD073F /* GOStateTransformer.m in Sources */,
				9B5DBAB9169F5DDF00AD073F /* GOGitCheckOperation.m in Sources */,
			);
			runOnlyForDeploymentPostprocessing = 0;
		};
		9B5DBA91169F568000AD073F /* Sources */ = {
			isa = PBXSourcesBuildPhase;
			buildActionMask = 2147483647;
			files = (
				9B5DBAA4169F568000AD073F /* DevBotTests.m in Sources */,
			);
			runOnlyForDeploymentPostprocessing = 0;
		};
/* End PBXSourcesBuildPhase section */

/* Begin PBXTargetDependency section */
		9B5DBA9B169F568000AD073F /* PBXTargetDependency */ = {
			isa = PBXTargetDependency;
			target = 9B5DBA71169F567F00AD073F /* DevBot */;
			targetProxy = 9B5DBA9A169F568000AD073F /* PBXContainerItemProxy */;
		};
/* End PBXTargetDependency section */

/* Begin PBXVariantGroup section */
		9B5DBA7F169F568000AD073F /* InfoPlist.strings */ = {
			isa = PBXVariantGroup;
			children = (
				9B5DBA80169F568000AD073F /* en */,
			);
			name = InfoPlist.strings;
			sourceTree = "<group>";
		};
		9B5DBA85169F568000AD073F /* Credits.rtf */ = {
			isa = PBXVariantGroup;
			children = (
				9B5DBA86169F568000AD073F /* en */,
			);
			name = Credits.rtf;
			sourceTree = "<group>";
		};
		9B5DBA8B169F568000AD073F /* MainMenu.xib */ = {
			isa = PBXVariantGroup;
			children = (
				9B5DBA8C169F568000AD073F /* en */,
			);
			name = MainMenu.xib;
			sourceTree = "<group>";
		};
		9B5DBA9F169F568000AD073F /* InfoPlist.strings */ = {
			isa = PBXVariantGroup;
			children = (
				9B5DBAA0169F568000AD073F /* en */,
			);
			name = InfoPlist.strings;
			sourceTree = "<group>";
		};
/* End PBXVariantGroup section */

/* Begin XCBuildConfiguration section */
		9B5DBAA5169F568000AD073F /* Debug */ = {
			isa = XCBuildConfiguration;
			buildSettings = {
				ALWAYS_SEARCH_USER_PATHS = NO;
				ARCHS = "$(ARCHS_STANDARD_64_BIT)";
				CLANG_CXX_LANGUAGE_STANDARD = "gnu++0x";
				CLANG_CXX_LIBRARY = "libc++";
				CLANG_ENABLE_OBJC_ARC = YES;
				CLANG_WARN_EMPTY_BODY = YES;
				CLANG_WARN__DUPLICATE_METHOD_MATCH = YES;
				COPY_PHASE_STRIP = NO;
				GCC_C_LANGUAGE_STANDARD = gnu99;
				GCC_DYNAMIC_NO_PIC = NO;
				GCC_ENABLE_OBJC_EXCEPTIONS = YES;
				GCC_OPTIMIZATION_LEVEL = 0;
				GCC_PREPROCESSOR_DEFINITIONS = (
					"DEBUG=1",
					"$(inherited)",
				);
				GCC_SYMBOLS_PRIVATE_EXTERN = NO;
				GCC_WARN_64_TO_32_BIT_CONVERSION = YES;
				GCC_WARN_ABOUT_RETURN_TYPE = YES;
				GCC_WARN_UNINITIALIZED_AUTOS = YES;
				GCC_WARN_UNUSED_VARIABLE = YES;
				MACOSX_DEPLOYMENT_TARGET = 10.8;
				ONLY_ACTIVE_ARCH = YES;
				SDKROOT = macosx;
			};
			name = Debug;
		};
		9B5DBAA6169F568000AD073F /* Release */ = {
			isa = XCBuildConfiguration;
			buildSettings = {
				ALWAYS_SEARCH_USER_PATHS = NO;
				ARCHS = "$(ARCHS_STANDARD_64_BIT)";
				CLANG_CXX_LANGUAGE_STANDARD = "gnu++0x";
				CLANG_CXX_LIBRARY = "libc++";
				CLANG_ENABLE_OBJC_ARC = YES;
				CLANG_WARN_EMPTY_BODY = YES;
				CLANG_WARN__DUPLICATE_METHOD_MATCH = YES;
				COPY_PHASE_STRIP = YES;
				DEBUG_INFORMATION_FORMAT = "dwarf-with-dsym";
				GCC_C_LANGUAGE_STANDARD = gnu99;
				GCC_ENABLE_OBJC_EXCEPTIONS = YES;
				GCC_WARN_64_TO_32_BIT_CONVERSION = YES;
				GCC_WARN_ABOUT_RETURN_TYPE = YES;
				GCC_WARN_UNINITIALIZED_AUTOS = YES;
				GCC_WARN_UNUSED_VARIABLE = YES;
				MACOSX_DEPLOYMENT_TARGET = 10.8;
				SDKROOT = macosx;
			};
			name = Release;
		};
		9B5DBAA8169F568000AD073F /* Debug */ = {
			isa = XCBuildConfiguration;
			buildSettings = {
				COMBINE_HIDPI_IMAGES = YES;
				GCC_PRECOMPILE_PREFIX_HEADER = YES;
				GCC_PREFIX_HEADER = "DevBot/DevBot-Prefix.pch";
				INFOPLIST_FILE = "DevBot/DevBot-Info.plist";
				PRODUCT_NAME = "$(TARGET_NAME)";
				WRAPPER_EXTENSION = app;
			};
			name = Debug;
		};
		9B5DBAA9169F568000AD073F /* Release */ = {
			isa = XCBuildConfiguration;
			buildSettings = {
				COMBINE_HIDPI_IMAGES = YES;
				GCC_PRECOMPILE_PREFIX_HEADER = YES;
				GCC_PREFIX_HEADER = "DevBot/DevBot-Prefix.pch";
				INFOPLIST_FILE = "DevBot/DevBot-Info.plist";
				PRODUCT_NAME = "$(TARGET_NAME)";
				WRAPPER_EXTENSION = app;
			};
			name = Release;
		};
		9B5DBAAB169F568000AD073F /* Debug */ = {
			isa = XCBuildConfiguration;
			buildSettings = {
				BUNDLE_LOADER = "$(BUILT_PRODUCTS_DIR)/DevBot.app/Contents/MacOS/DevBot";
				COMBINE_HIDPI_IMAGES = YES;
				FRAMEWORK_SEARCH_PATHS = "\"$(DEVELOPER_LIBRARY_DIR)/Frameworks\"";
				GCC_PRECOMPILE_PREFIX_HEADER = YES;
				GCC_PREFIX_HEADER = "DevBot/DevBot-Prefix.pch";
				INFOPLIST_FILE = "DevBotTests/DevBotTests-Info.plist";
				PRODUCT_NAME = "$(TARGET_NAME)";
				TEST_HOST = "$(BUNDLE_LOADER)";
				WRAPPER_EXTENSION = octest;
			};
			name = Debug;
		};
		9B5DBAAC169F568000AD073F /* Release */ = {
			isa = XCBuildConfiguration;
			buildSettings = {
				BUNDLE_LOADER = "$(BUILT_PRODUCTS_DIR)/DevBot.app/Contents/MacOS/DevBot";
				COMBINE_HIDPI_IMAGES = YES;
				FRAMEWORK_SEARCH_PATHS = "\"$(DEVELOPER_LIBRARY_DIR)/Frameworks\"";
				GCC_PRECOMPILE_PREFIX_HEADER = YES;
				GCC_PREFIX_HEADER = "DevBot/DevBot-Prefix.pch";
				INFOPLIST_FILE = "DevBotTests/DevBotTests-Info.plist";
				PRODUCT_NAME = "$(TARGET_NAME)";
				TEST_HOST = "$(BUNDLE_LOADER)";
				WRAPPER_EXTENSION = octest;
			};
			name = Release;
		};
/* End XCBuildConfiguration section */

/* Begin XCConfigurationList section */
		9B5DBA6C169F567F00AD073F /* Build configuration list for PBXProject "DevBot" */ = {
			isa = XCConfigurationList;
			buildConfigurations = (
				9B5DBAA5169F568000AD073F /* Debug */,
				9B5DBAA6169F568000AD073F /* Release */,
			);
			defaultConfigurationIsVisible = 0;
			defaultConfigurationName = Release;
		};
		9B5DBAA7169F568000AD073F /* Build configuration list for PBXNativeTarget "DevBot" */ = {
			isa = XCConfigurationList;
			buildConfigurations = (
				9B5DBAA8169F568000AD073F /* Debug */,
				9B5DBAA9169F568000AD073F /* Release */,
			);
			defaultConfigurationIsVisible = 0;
		};
		9B5DBAAA169F568000AD073F /* Build configuration list for PBXNativeTarget "DevBotTests" */ = {
			isa = XCConfigurationList;
			buildConfigurations = (
				9B5DBAAB169F568000AD073F /* Debug */,
				9B5DBAAC169F568000AD073F /* Release */,
			);
			defaultConfigurationIsVisible = 0;
		};
/* End XCConfigurationList section */

/* Begin XCVersionGroup section */
		9B5DBA8E169F568000AD073F /* DevBot.xcdatamodeld */ = {
			isa = XCVersionGroup;
			children = (
				9B5DBA8F169F568000AD073F /* DevBot.xcdatamodel */,
			);
			currentVersion = 9B5DBA8F169F568000AD073F /* DevBot.xcdatamodel */;
			path = DevBot.xcdatamodeld;
			sourceTree = "<group>";
			versionGroupType = wrapper.xcdatamodel;
		};
/* End XCVersionGroup section */
	};
	rootObject = 9B5DBA69169F567F00AD073F /* Project object */;
}
